
Microsoft Visual Studio Solution File, Format Version 12.00
# Visual Studio Version 16
VisualStudioVersion = 16.0.29709.97
MinimumVisualStudioVersion = 10.0.40219.1
Project("{FAE04EC0-301F-11D3-BF4B-00C04F79EFBC}") = "Game1", "Game1.csproj", "{9EAEBBC6-A588-49F9-8A66-FB9E62DF1BD5}"
EndProject
Global
	GlobalSection(SolutionConfigurationPlatforms) = preSolution
		Debug|Any CPU = Debug|Any CPU
		Release|Any CPU = Release|Any CPU
	EndGlobalSection
	GlobalSection(ProjectConfigurationPlatforms) = postSolution
		{9EAEBBC6-A588-49F9-8A66-FB9E62DF1BD5}.Debug|Any CPU.ActiveCfg = Debug|Any CPU
		{9EAEBBC6-A588-49F9-8A66-FB9E62DF1BD5}.Debug|Any CPU.Build.0 = Debug|Any CPU
		{9EAEBBC6-A588-49F9-8A66-FB9E62DF1BD5}.Release|Any CPU.ActiveCfg = Release|Any CPU
		{9EAEBBC6-A588-49F9-8A66-FB9E62DF1BD5}.Release|Any CPU.Build.0 = Release|Any CPU
	EndGlobalSection
	GlobalSection(SolutionProperties) = preSolution
		HideSolutionNode = FALSE
	EndGlobalSection
	GlobalSection(ExtensibilityGlobals) = postSolution
		SolutionGuid = {5DF9B595-1326-43FE-B5C9-E077CC1B5003}
	EndGlobalSection
EndGlobal
